
Microsoft Visual Studio Solution File, Format Version 12.00
# Visual Studio 15
VisualStudioVersion = 15.0.28307.136
MinimumVisualStudioVersion = 10.0.40219.1
Project("{FAE04EC0-301F-11D3-BF4B-00C04F79EFBC}") = "CafePOS", "CafePOS\CafePOS.csproj", "{DF89FF74-0155-48DC-8B5C-8A0EAF662C68}"
EndProject
Global
	GlobalSection(SolutionConfigurationPlatforms) = preSolution
		Debug|Any CPU = Debug|Any CPU
		Release|Any CPU = Release|Any CPU
	EndGlobalSection
	GlobalSection(ProjectConfigurationPlatforms) = postSolution
		{DF89FF74-0155-48DC-8B5C-8A0EAF662C68}.Debug|Any CPU.ActiveCfg = Debug|Any CPU
		{DF89FF74-0155-48DC-8B5C-8A0EAF662C68}.Debug|Any CPU.Build.0 = Debug|Any CPU
		{DF89FF74-0155-48DC-8B5C-8A0EAF662C68}.Release|Any CPU.ActiveCfg = Release|Any CPU
		{DF89FF74-0155-48DC-8B5C-8A0EAF662C68}.Release|Any CPU.Build.0 = Release|Any CPU
	EndGlobalSection
	GlobalSection(SolutionProperties) = preSolution
		HideSolutionNode = FALSE
	EndGlobalSection
	GlobalSection(ExtensibilityGlobals) = postSolution
		SolutionGuid = {2478FCA8-FFAB-4ED4-9ED2-AA5DB908CEA2}
	EndGlobalSection
EndGlobal
